PODS:
  - AFNetworking (2.5.0):
    - AFNetworking/NSURLConnection (= 2.5.0)
    - AFNetworking/NSURLSession (= 2.5.0)
    - AFNetworking/Reachability (= 2.5.0)
    - AFNetworking/Security (= 2.5.0)
    - AFNetworking/Serialization (= 2.5.0)
    - AFNetworking/UIKit (= 2.5.0)
  - AFNetworking/NSURLConnection (2.5.0):
    - AFNetworking/Reachability
    - AFNetworking/Security
    - AFNetworking/Serialization
  - AFNetworking/NSURLSession (2.5.0):
    - AFNetworking/Reachability
    - AFNetworking/Security
    - AFNetworking/Serialization
  - AFNetworking/Reachability (2.5.0)
  - AFNetworking/Security (2.5.0)
  - AFNetworking/Serialization (2.5.0)
  - AFNetworking/UIKit (2.5.0):
    - AFNetworking/NSURLConnection
    - AFNetworking/NSURLSession
  - OHHTTPStubs (3.1.7):
    - OHHTTPStubs/Core (= 3.1.7)
  - OHHTTPStubs/Core (3.1.7)

DEPENDENCIES:
  - AFNetworking
  - OHHTTPStubs

SPEC CHECKSUMS:
  AFNetworking: 96ac9bf3eda33582701cb1fcc5b896aa1e20311e
  OHHTTPStubs: a48e52fe6091ad5784714e4c7c034b481c7023bf

COCOAPODS: 0.39.0
